Microsoft Visual Studio Solution File, Format Version 8.00
Project("{FAE04EC0-301F-11D3-BF4B-00C04F79EFBC}") = "ConsoleApplication2", "ConsoleApplication2.csproj", "{B01489A8-8B5F-4923-ABF9-ED2EF6870DFA}"
	ProjectSection(ProjectDependencies) = postProject
	EndProjectSection
EndProject
Global
	GlobalSection(SolutionConfiguration) = preSolution
		Debug = Debug
		Release = Release
	EndGlobalSection
	GlobalSection(ProjectConfiguration) = postSolution
		{B01489A8-8B5F-4923-ABF9-ED2EF6870DFA}.Debug.ActiveCfg = Debug|.NET
		{B01489A8-8B5F-4923-ABF9-ED2EF6870DFA}.Debug.Build.0 = Debug|.NET
		{B01489A8-8B5F-4923-ABF9-ED2EF6870DFA}.Release.ActiveCfg = Release|.NET
		{B01489A8-8B5F-4923-ABF9-ED2EF6870DFA}.Release.Build.0 = Release|.NET
	EndGlobalSection
	GlobalSection(ExtensibilityGlobals) = postSolution
	EndGlobalSection
	GlobalSection(ExtensibilityAddIns) = postSolution
	EndGlobalSection
EndGlobal
